
Microsoft Visual Studio Solution File, Format Version 12.00
# Visual Studio 2013
VisualStudioVersion = 12.0.21005.1
MinimumVisualStudioVersion = 10.0.40219.1
Project("{FAE04EC0-301F-11D3-BF4B-00C04F79EFBC}") = "SJRCS.Web", "SJRCS.Web\SJRCS.Web.csproj", "{845048F3-C7D6-4F91-9D42-553286CA2697}"
EndProject
Project("{FAE04EC0-301F-11D3-BF4B-00C04F79EFBC}") = "SJRCS.BLL", "SJRCS.BLL\SJRCS.BLL.csproj", "{49C4A681-5C0A-4523-B161-E8F2735E6A65}"
EndProject
Project("{FAE04EC0-301F-11D3-BF4B-00C04F79EFBC}") = "SJRCS.DAL", "SJRCS.DAL\SJRCS.DAL.csproj", "{290F1870-AA30-465E-AB6F-BC5D8B78234C}"
EndProject
Project("{FAE04EC0-301F-11D3-BF4B-00C04F79EFBC}") = "SJRCS.Model", "SJRCS.Model\SJRCS.Model.csproj", "{B8A69430-4421-426C-92E8-468AA1D34D30}"
EndProject
Project("{FAE04EC0-301F-11D3-BF4B-00C04F79EFBC}") = "SJRCS.Common", "SJRCS.Common\SJRCS.Common.csproj", "{8BA7E961-9A1C-4671-8217-4E1E6E0A3465}"
EndProject
Project("{FAE04EC0-301F-11D3-BF4B-00C04F79EFBC}") = "SJRCS.DALProfile", "SJRCS.DALProfile\SJRCS.DALProfile.csproj", "{D963E7B1-987F-435F-9933-974D8A818167}"
EndProject
Project("{FAE04EC0-301F-11D3-BF4B-00C04F79EFBC}") = "SJRCS.Excel", "SJRCS.Excel\SJRCS.Excel.csproj", "{793FE24B-533E-472C-B7F3-995BE35C9777}"
EndProject
Project("{FAE04EC0-301F-11D3-BF4B-00C04F79EFBC}") = "SJRCS.Logger", "SJRCS.Logger\SJRCS.Logger.csproj", "{832F0AA2-A32C-4C9F-B99E-322B5A6BB5A8}"
EndProject
Global
	GlobalSection(SolutionConfigurationPlatforms) = preSolution
		Debug|Any CPU = Debug|Any CPU
		Debug|x64 = Debug|x64
		Debug|x86 = Debug|x86
		Release|Any CPU = Release|Any CPU
		Release|x64 = Release|x64
		Release|x86 = Release|x86
	EndGlobalSection
	GlobalSection(ProjectConfigurationPlatforms) = postSolution
		{845048F3-C7D6-4F91-9D42-553286CA2697}.Debug|Any CPU.ActiveCfg = Debug|Any CPU
		{845048F3-C7D6-4F91-9D42-553286CA2697}.Debug|Any CPU.Build.0 = Debug|Any CPU
		{845048F3-C7D6-4F91-9D42-553286CA2697}.Debug|x64.ActiveCfg = Debug|x64
		{845048F3-C7D6-4F91-9D42-553286CA2697}.Debug|x64.Build.0 = Debug|x64
		{845048F3-C7D6-4F91-9D42-553286CA2697}.Debug|x86.ActiveCfg = Debug|x86
		{845048F3-C7D6-4F91-9D42-553286CA2697}.Debug|x86.Build.0 = Debug|x86
		{845048F3-C7D6-4F91-9D42-553286CA2697}.Release|Any CPU.ActiveCfg = Release|Any CPU
		{845048F3-C7D6-4F91-9D42-553286CA2697}.Release|Any CPU.Build.0 = Release|Any CPU
		{845048F3-C7D6-4F91-9D42-553286CA2697}.Release|x64.ActiveCfg = Release|x64
		{845048F3-C7D6-4F91-9D42-553286CA2697}.Release|x64.Build.0 = Release|x64
		{845048F3-C7D6-4F91-9D42-553286CA2697}.Release|x86.ActiveCfg = Release|x86
		{845048F3-C7D6-4F91-9D42-553286CA2697}.Release|x86.Build.0 = Release|x86
		{49C4A681-5C0A-4523-B161-E8F2735E6A65}.Debug|Any CPU.ActiveCfg = Debug|Any CPU
		{49C4A681-5C0A-4523-B161-E8F2735E6A65}.Debug|Any CPU.Build.0 = Debug|Any CPU
		{49C4A681-5C0A-4523-B161-E8F2735E6A65}.Debug|x64.ActiveCfg = Debug|x64
		{49C4A681-5C0A-4523-B161-E8F2735E6A65}.Debug|x64.Build.0 = Debug|x64
		{49C4A681-5C0A-4523-B161-E8F2735E6A65}.Debug|x86.ActiveCfg = Debug|x86
		{49C4A681-5C0A-4523-B161-E8F2735E6A65}.Debug|x86.Build.0 = Debug|x86
		{49C4A681-5C0A-4523-B161-E8F2735E6A65}.Release|Any CPU.ActiveCfg = Release|Any CPU
		{49C4A681-5C0A-4523-B161-E8F2735E6A65}.Release|Any CPU.Build.0 = Release|Any CPU
		{49C4A681-5C0A-4523-B161-E8F2735E6A65}.Release|x64.ActiveCfg = Release|x64
		{49C4A681-5C0A-4523-B161-E8F2735E6A65}.Release|x64.Build.0 = Release|x64
		{49C4A681-5C0A-4523-B161-E8F2735E6A65}.Release|x86.ActiveCfg = Release|x86
		{49C4A681-5C0A-4523-B161-E8F2735E6A65}.Release|x86.Build.0 = Release|x86
		{290F1870-AA30-465E-AB6F-BC5D8B78234C}.Debug|Any CPU.ActiveCfg = Debug|Any CPU
		{290F1870-AA30-465E-AB6F-BC5D8B78234C}.Debug|Any CPU.Build.0 = Debug|Any CPU
		{290F1870-AA30-465E-AB6F-BC5D8B78234C}.Debug|x64.ActiveCfg = Debug|x64
		{290F1870-AA30-465E-AB6F-BC5D8B78234C}.Debug|x64.Build.0 = Debug|x64
		{290F1870-AA30-465E-AB6F-BC5D8B78234C}.Debug|x86.ActiveCfg = Debug|x86
		{290F1870-AA30-465E-AB6F-BC5D8B78234C}.Debug|x86.Build.0 = Debug|x86
		{290F1870-AA30-465E-AB6F-BC5D8B78234C}.Release|Any CPU.ActiveCfg = Release|Any CPU
		{290F1870-AA30-465E-AB6F-BC5D8B78234C}.Release|Any CPU.Build.0 = Release|Any CPU
		{290F1870-AA30-465E-AB6F-BC5D8B78234C}.Release|x64.ActiveCfg = Release|x64
		{290F1870-AA30-465E-AB6F-BC5D8B78234C}.Release|x64.Build.0 = Release|x64
		{290F1870-AA30-465E-AB6F-BC5D8B78234C}.Release|x86.ActiveCfg = Release|x86
		{290F1870-AA30-465E-AB6F-BC5D8B78234C}.Release|x86.Build.0 = Release|x86
		{B8A69430-4421-426C-92E8-468AA1D34D30}.Debug|Any CPU.ActiveCfg = Debug|Any CPU
		{B8A69430-4421-426C-92E8-468AA1D34D30}.Debug|Any CPU.Build.0 = Debug|Any CPU
		{B8A69430-4421-426C-92E8-468AA1D34D30}.Debug|x64.ActiveCfg = Debug|x64
		{B8A69430-4421-426C-92E8-468AA1D34D30}.Debug|x64.Build.0 = Debug|x64
		{B8A69430-4421-426C-92E8-468AA1D34D30}.Debug|x86.ActiveCfg = Debug|x86
		{B8A69430-4421-426C-92E8-468AA1D34D30}.Debug|x86.Build.0 = Debug|x86
		{B8A69430-4421-426C-92E8-468AA1D34D30}.Release|Any CPU.ActiveCfg = Release|Any CPU
		{B8A69430-4421-426C-92E8-468AA1D34D30}.Release|Any CPU.Build.0 = Release|Any CPU
		{B8A69430-4421-426C-92E8-468AA1D34D30}.Release|x64.ActiveCfg = Release|x64
		{B8A69430-4421-426C-92E8-468AA1D34D30}.Release|x64.Build.0 = Release|x64
		{B8A69430-4421-426C-92E8-468AA1D34D30}.Release|x86.ActiveCfg = Release|x86
		{B8A69430-4421-426C-92E8-468AA1D34D30}.Release|x86.Build.0 = Release|x86
		{8BA7E961-9A1C-4671-8217-4E1E6E0A3465}.Debug|Any CPU.ActiveCfg = Debug|Any CPU
		{8BA7E961-9A1C-4671-8217-4E1E6E0A3465}.Debug|Any CPU.Build.0 = Debug|Any CPU
		{8BA7E961-9A1C-4671-8217-4E1E6E0A3465}.Debug|x64.ActiveCfg = Debug|x64
		{8BA7E961-9A1C-4671-8217-4E1E6E0A3465}.Debug|x64.Build.0 = Debug|x64
		{8BA7E961-9A1C-4671-8217-4E1E6E0A3465}.Debug|x86.ActiveCfg = Debug|x86
		{8BA7E961-9A1C-4671-8217-4E1E6E0A3465}.Debug|x86.Build.0 = Debug|x86
		{8BA7E961-9A1C-4671-8217-4E1E6E0A3465}.Release|Any CPU.ActiveCfg = Release|Any CPU
		{8BA7E961-9A1C-4671-8217-4E1E6E0A3465}.Release|Any CPU.Build.0 = Release|Any CPU
		{8BA7E961-9A1C-4671-8217-4E1E6E0A3465}.Release|x64.ActiveCfg = Release|x64
		{8BA7E961-9A1C-4671-8217-4E1E6E0A3465}.Release|x64.Build.0 = Release|x64
		{8BA7E961-9A1C-4671-8217-4E1E6E0A3465}.Release|x86.ActiveCfg = Release|x86
		{8BA7E961-9A1C-4671-8217-4E1E6E0A3465}.Release|x86.Build.0 = Release|x86
		{D963E7B1-987F-435F-9933-974D8A818167}.Debug|Any CPU.ActiveCfg = Debug|Any CPU
		{D963E7B1-987F-435F-9933-974D8A818167}.Debug|Any CPU.Build.0 = Debug|Any CPU
		{D963E7B1-987F-435F-9933-974D8A818167}.Debug|x64.ActiveCfg = Debug|x64
		{D963E7B1-987F-435F-9933-974D8A818167}.Debug|x64.Build.0 = Debug|x64
		{D963E7B1-987F-435F-9933-974D8A818167}.Debug|x86.ActiveCfg = Debug|x86
		{D963E7B1-987F-435F-9933-974D8A818167}.Debug|x86.Build.0 = Debug|x86
		{D963E7B1-987F-435F-9933-974D8A818167}.Release|Any CPU.ActiveCfg = Release|Any CPU
		{D963E7B1-987F-435F-9933-974D8A818167}.Release|Any CPU.Build.0 = Release|Any CPU
		{D963E7B1-987F-435F-9933-974D8A818167}.Release|x64.ActiveCfg = Release|x64
		{D963E7B1-987F-435F-9933-974D8A818167}.Release|x64.Build.0 = Release|x64
		{D963E7B1-987F-435F-9933-974D8A818167}.Release|x86.ActiveCfg = Release|x86
		{D963E7B1-987F-435F-9933-974D8A818167}.Release|x86.Build.0 = Release|x86
		{793FE24B-533E-472C-B7F3-995BE35C9777}.Debug|Any CPU.ActiveCfg = Debug|Any CPU
		{793FE24B-533E-472C-B7F3-995BE35C9777}.Debug|Any CPU.Build.0 = Debug|Any CPU
		{793FE24B-533E-472C-B7F3-995BE35C9777}.Debug|x64.ActiveCfg = Debug|x64
		{793FE24B-533E-472C-B7F3-995BE35C9777}.Debug|x64.Build.0 = Debug|x64
		{793FE24B-533E-472C-B7F3-995BE35C9777}.Debug|x86.ActiveCfg = Debug|x86
		{793FE24B-533E-472C-B7F3-995BE35C9777}.Debug|x86.Build.0 = Debug|x86
		{793FE24B-533E-472C-B7F3-995BE35C9777}.Release|Any CPU.ActiveCfg = Release|Any CPU
		{793FE24B-533E-472C-B7F3-995BE35C9777}.Release|Any CPU.Build.0 = Release|Any CPU
		{793FE24B-533E-472C-B7F3-995BE35C9777}.Release|x64.ActiveCfg = Release|x64
		{793FE24B-533E-472C-B7F3-995BE35C9777}.Release|x64.Build.0 = Release|x64
		{793FE24B-533E-472C-B7F3-995BE35C9777}.Release|x86.ActiveCfg = Release|x86
		{793FE24B-533E-472C-B7F3-995BE35C9777}.Release|x86.Build.0 = Release|x86
		{832F0AA2-A32C-4C9F-B99E-322B5A6BB5A8}.Debug|Any CPU.ActiveCfg = Debug|Any CPU
		{832F0AA2-A32C-4C9F-B99E-322B5A6BB5A8}.Debug|Any CPU.Build.0 = Debug|Any CPU
		{832F0AA2-A32C-4C9F-B99E-322B5A6BB5A8}.Debug|x64.ActiveCfg = Debug|x64
		{832F0AA2-A32C-4C9F-B99E-322B5A6BB5A8}.Debug|x64.Build.0 = Debug|x64
		{832F0AA2-A32C-4C9F-B99E-322B5A6BB5A8}.Debug|x86.ActiveCfg = Debug|x86
		{832F0AA2-A32C-4C9F-B99E-322B5A6BB5A8}.Debug|x86.Build.0 = Debug|x86
		{832F0AA2-A32C-4C9F-B99E-322B5A6BB5A8}.Release|Any CPU.ActiveCfg = Release|Any CPU
		{832F0AA2-A32C-4C9F-B99E-322B5A6BB5A8}.Release|Any CPU.Build.0 = Release|Any CPU
		{832F0AA2-A32C-4C9F-B99E-322B5A6BB5A8}.Release|x64.ActiveCfg = Release|Any CPU
		{832F0AA2-A32C-4C9F-B99E-322B5A6BB5A8}.Release|x86.ActiveCfg = Release|Any CPU
	EndGlobalSection
	GlobalSection(SolutionProperties) = preSolution
		HideSolutionNode = FALSE
	EndGlobalSection
EndGlobal
